
Microsoft Visual Studio Solution File, Format Version 12.00
# Visual Studio Version 17
VisualStudioVersion = 17.12.35506.116 d17.12
MinimumVisualStudioVersion = 10.0.40219.1
Project("{FAE04EC0-301F-11D3-BF4B-00C04F79EFBC}") = "ieenchanted", "iee.web\ieenchanted.csproj", "{1CCAC535-1058-4D82-81D4-8ECD3BBAB86F}"
EndProject
Project("{FAE04EC0-301F-11D3-BF4B-00C04F79EFBC}") = "iee.domain", "iee.domain\iee.domain.csproj", "{C5C7B1B7-B6C5-494E-8723-665A8F52C1B3}"
EndProject
Global
	GlobalSection(SolutionConfigurationPlatforms) = preSolution
		Debug|Any CPU = Debug|Any CPU
		Release|Any CPU = Release|Any CPU
	EndGlobalSection
	GlobalSection(ProjectConfigurationPlatforms) = postSolution
		{1CCAC535-1058-4D82-81D4-8ECD3BBAB86F}.Debug|Any CPU.ActiveCfg = Debug|Any CPU
		{1CCAC535-1058-4D82-81D4-8ECD3BBAB86F}.Debug|Any CPU.Build.0 = Debug|Any CPU
		{1CCAC535-1058-4D82-81D4-8ECD3BBAB86F}.Release|Any CPU.ActiveCfg = Release|Any CPU
		{1CCAC535-1058-4D82-81D4-8ECD3BBAB86F}.Release|Any CPU.Build.0 = Release|Any CPU
		{C5C7B1B7-B6C5-494E-8723-665A8F52C1B3}.Debug|Any CPU.ActiveCfg = Debug|Any CPU
		{C5C7B1B7-B6C5-494E-8723-665A8F52C1B3}.Debug|Any CPU.Build.0 = Debug|Any CPU
		{C5C7B1B7-B6C5-494E-8723-665A8F52C1B3}.Release|Any CPU.ActiveCfg = Release|Any CPU
		{C5C7B1B7-B6C5-494E-8723-665A8F52C1B3}.Release|Any CPU.Build.0 = Release|Any CPU
	EndGlobalSection
	GlobalSection(SolutionProperties) = preSolution
		HideSolutionNode = FALSE
	EndGlobalSection
EndGlobal
